// !$*UTF8*$!
{
	archiveVersion = 1;
	classes = {
	};
	objectVersion = 55;
	objects = {

/* Begin PBXBuildFile section */
		4868AD8D2897EC72001E400E /* AppDelegate.m in Sources */ = {isa = PBXBuildFile; fileRef = 4868AD8C2897EC72001E400E /* AppDelegate.m */; };
		4868AD902897EC72001E400E /* SceneDelegate.m in Sources */ = {isa = PBXBuildFile; fileRef = 4868AD8F2897EC72001E400E /* SceneDelegate.m */; };
		4868AD932897EC72001E400E /* AWMainViewController.m in Sources */ = {isa = PBXBuildFile; fileRef = 4868AD922897EC72001E400E /* AWMainViewController.m */; };
		4868AD962897EC72001E400E /* Main.storyboard in Resources */ = {isa = PBXBuildFile; fileRef = 4868AD942897EC72001E400E /* Main.storyboard */; };
		4868AD982897EC74001E400E /* Assets.xcassets in Resources */ = {isa = PBXBuildFile; fileRef = 4868AD972897EC74001E400E /* Assets.xcassets */; };
		4868AD9B2897EC74001E400E /* LaunchScreen.storyboard in Resources */ = {isa = PBXBuildFile; fileRef = 4868AD992897EC74001E400E /* LaunchScreen.storyboard */; };
		4868AD9E2897EC74001E400E /* main.m in Sources */ = {isa = PBXBuildFile; fileRef = 4868AD9D2897EC74001E400E /* main.m */; };
		4868B06E2898277B001E400E /* NSMutableDictionary+AW.m in Sources */ = {isa = PBXBuildFile; fileRef = 4868B0632898277B001E400E /* NSMutableDictionary+AW.m */; };
		4868B06F2898277B001E400E /* UIImageView+Loading.m in Sources */ = {isa = PBXBuildFile; fileRef = 4868B0642898277B001E400E /* UIImageView+Loading.m */; };
		4868B0702898277B001E400E /* NSDictionary+Utils.m in Sources */ = {isa = PBXBuildFile; fileRef = 4868B0652898277B001E400E /* NSDictionary+Utils.m */; };
		4868B0712898277B001E400E /* UIView+Size.m in Sources */ = {isa = PBXBuildFile; fileRef = 4868B0662898277B001E400E /* UIView+Size.m */; };
		4868B0722898277B001E400E /* NSString+Utils.m in Sources */ = {isa = PBXBuildFile; fileRef = 4868B0672898277B001E400E /* NSString+Utils.m */; };
		4868B0732898277B001E400E /* NSMutableArray+AW.m in Sources */ = {isa = PBXBuildFile; fileRef = 4868B0682898277B001E400E /* NSMutableArray+AW.m */; };
		4868B0742898277B001E400E /* UIColor+RGBA.m in Sources */ = {isa = PBXBuildFile; fileRef = 4868B0692898277B001E400E /* UIColor+RGBA.m */; };
		4868B0752898277B001E400E /* NSURL+Utils.m in Sources */ = {isa = PBXBuildFile; fileRef = 4868B06A2898277B001E400E /* NSURL+Utils.m */; };
		4868B0762898277B001E400E /* NSDictionary+AW.m in Sources */ = {isa = PBXBuildFile; fileRef = 4868B06B2898277B001E400E /* NSDictionary+AW.m */; };
		488C5FAD28A5FFD200562B31 /* AWStepsForDayModel.m in Sources */ = {isa = PBXBuildFile; fileRef = 488C5FAC28A5FFD200562B31 /* AWStepsForDayModel.m */; };
		488C5FB028A6880C00562B31 /* AWExceptionMessageListModel.m in Sources */ = {isa = PBXBuildFile; fileRef = 488C5FAF28A6880C00562B31 /* AWExceptionMessageListModel.m */; };
		48973F9428997CC300A3C162 /* AWNetwork.m in Sources */ = {isa = PBXBuildFile; fileRef = 48973F9228997CC300A3C162 /* AWNetwork.m */; };
		48973F9828997D6D00A3C162 /* AWDataHelper.m in Sources */ = {isa = PBXBuildFile; fileRef = 48973F9728997D6D00A3C162 /* AWDataHelper.m */; };
		48973F9C28997E3200A3C162 /* AWUserModel.m in Sources */ = {isa = PBXBuildFile; fileRef = 48973F9A28997E3200A3C162 /* AWUserModel.m */; };
		48973F9F2899871800A3C162 /* AWLoginViewController.m in Sources */ = {isa = PBXBuildFile; fileRef = 48973F9E2899871800A3C162 /* AWLoginViewController.m */; };
		48974259289D691800A3C162 /* AWDeviceModel.m in Sources */ = {isa = PBXBuildFile; fileRef = 48974258289D691800A3C162 /* AWDeviceModel.m */; };
		4897425C28A2B92B00A3C162 /* AWDevicesViewController.m in Sources */ = {isa = PBXBuildFile; fileRef = 4897425B28A2B92B00A3C162 /* AWDevicesViewController.m */; };
		4897425F28A2B94C00A3C162 /* AWAddDeviceViewController.m in Sources */ = {isa = PBXBuildFile; fileRef = 4897425E28A2B94C00A3C162 /* AWAddDeviceViewController.m */; };
		4897426228A3681700A3C162 /* AWRegisterViewController.m in Sources */ = {isa = PBXBuildFile; fileRef = 4897426128A3681700A3C162 /* AWRegisterViewController.m */; };
		48F35F6528ABF49200DF25CB /* AWProfileViewController.m in Sources */ = {isa = PBXBuildFile; fileRef = 48F35F6428ABF49200DF25CB /* AWProfileViewController.m */; };
		48F35F6828ABF6D300DF25CB /* AWUserInfoModel.m in Sources */ = {isa = PBXBuildFile; fileRef = 48F35F6728ABF6D300DF25CB /* AWUserInfoModel.m */; };
		F8E62F31B3D16F0CBFDBE332 /* Pods_AllWell.framework in Frameworks */ = {isa = PBXBuildFile; fileRef = 1365069E0F41FC94095C2D89 /* Pods_AllWell.framework */; };
/* End PBXBuildFile section */

/* Begin PBXFileReference section */
		1365069E0F41FC94095C2D89 /* Pods_AllWell.framework */ = {isa = PBXFileReference; explicitFileType = wrapper.framework; includeInIndex = 0; path = Pods_AllWell.framework; sourceTree = BUILT_PRODUCTS_DIR; };
		4868AD882897EC72001E400E /* AllWell.app */ = {isa = PBXFileReference; explicitFileType = wrapper.application; includeInIndex = 0; path = AllWell.app; sourceTree = BUILT_PRODUCTS_DIR; };
		4868AD8B2897EC72001E400E /* AppDelegate.h */ = {isa = PBXFileReference; lastKnownFileType = sourcecode.c.h; path = AppDelegate.h; sourceTree = "<group>"; };
		4868AD8C2897EC72001E400E /* AppDelegate.m */ = {isa = PBXFileReference; lastKnownFileType = sourcecode.c.objc; path = AppDelegate.m; sourceTree = "<group>"; };
		4868AD8E2897EC72001E400E /* SceneDelegate.h */ = {isa = PBXFileReference; lastKnownFileType = sourcecode.c.h; path = SceneDelegate.h; sourceTree = "<group>"; };
		4868AD8F2897EC72001E400E /* SceneDelegate.m */ = {isa = PBXFileReference; lastKnownFileType = sourcecode.c.objc; path = SceneDelegate.m; sourceTree = "<group>"; };
		4868AD912897EC72001E400E /* AWMainViewController.h */ = {isa = PBXFileReference; lastKnownFileType = sourcecode.c.h; path = AWMainViewController.h; sourceTree = "<group>"; };
		4868AD922897EC72001E400E /* AWMainViewController.m */ = {isa = PBXFileReference; lastKnownFileType = sourcecode.c.objc; path = AWMainViewController.m; sourceTree = "<group>"; };
		4868AD952897EC72001E400E /* Base */ = {isa = PBXFileReference; lastKnownFileType = file.storyboard; name = Base; path = Base.lproj/Main.storyboard; sourceTree = "<group>"; };
		4868AD972897EC74001E400E /* Assets.xcassets */ = {isa = PBXFileReference; lastKnownFileType = folder.assetcatalog; path = Assets.xcassets; sourceTree = "<group>"; };
		4868AD9A2897EC74001E400E /* Base */ = {isa = PBXFileReference; lastKnownFileType = file.storyboard; name = Base; path = Base.lproj/LaunchScreen.storyboard; sourceTree = "<group>"; };
		4868AD9C2897EC74001E400E /* Info.plist */ = {isa = PBXFileReference; lastKnownFileType = text.plist.xml; path = Info.plist; sourceTree = "<group>"; };
		4868AD9D2897EC74001E400E /* main.m */ = {isa = PBXFileReference; lastKnownFileType = sourcecode.c.objc; path = main.m; sourceTree = "<group>"; };
		4868B05C2898277B001E400E /* UIView+Size.h */ = {isa = PBXFileReference; fileEncoding = 4; lastKnownFileType = sourcecode.c.h; path = "UIView+Size.h"; sourceTree = "<group>"; };
		4868B05D2898277B001E400E /* NSDictionary+Utils.h */ = {isa = PBXFileReference; fileEncoding = 4; lastKnownFileType = sourcecode.c.h; path = "NSDictionary+Utils.h"; sourceTree = "<group>"; };
		4868B05E2898277B001E400E /* NSMutableArray+AW.h */ = {isa = PBXFileReference; fileEncoding = 4; lastKnownFileType = sourcecode.c.h; path = "NSMutableArray+AW.h"; sourceTree = "<group>"; };
		4868B05F2898277B001E400E /* NSString+Utils.h */ = {isa = PBXFileReference; fileEncoding = 4; lastKnownFileType = sourcecode.c.h; path = "NSString+Utils.h"; sourceTree = "<group>"; };
		4868B0602898277B001E400E /* NSDictionary+AW.h */ = {isa = PBXFileReference; fileEncoding = 4; lastKnownFileType = sourcecode.c.h; path = "NSDictionary+AW.h"; sourceTree = "<group>"; };
		4868B0612898277B001E400E /* NSURL+Utils.h */ = {isa = PBXFileReference; fileEncoding = 4; lastKnownFileType = sourcecode.c.h; path = "NSURL+Utils.h"; sourceTree = "<group>"; };
		4868B0622898277B001E400E /* UIColor+RGBA.h */ = {isa = PBXFileReference; fileEncoding = 4; lastKnownFileType = sourcecode.c.h; path = "UIColor+RGBA.h"; sourceTree = "<group>"; };
		4868B0632898277B001E400E /* NSMutableDictionary+AW.m */ = {isa = PBXFileReference; fileEncoding = 4; lastKnownFileType = sourcecode.c.objc; path = "NSMutableDictionary+AW.m"; sourceTree = "<group>"; };
		4868B0642898277B001E400E /* UIImageView+Loading.m */ = {isa = PBXFileReference; fileEncoding = 4; lastKnownFileType = sourcecode.c.objc; path = "UIImageView+Loading.m"; sourceTree = "<group>"; };
		4868B0652898277B001E400E /* NSDictionary+Utils.m */ = {isa = PBXFileReference; fileEncoding = 4; lastKnownFileType = sourcecode.c.objc; path = "NSDictionary+Utils.m"; sourceTree = "<group>"; };
		4868B0662898277B001E400E /* UIView+Size.m */ = {isa = PBXFileReference; fileEncoding = 4; lastKnownFileType = sourcecode.c.objc; path = "UIView+Size.m"; sourceTree = "<group>"; };
		4868B0672898277B001E400E /* NSString+Utils.m */ = {isa = PBXFileReference; fileEncoding = 4; lastKnownFileType = sourcecode.c.objc; path = "NSString+Utils.m"; sourceTree = "<group>"; };
		4868B0682898277B001E400E /* NSMutableArray+AW.m */ = {isa = PBXFileReference; fileEncoding = 4; lastKnownFileType = sourcecode.c.objc; path = "NSMutableArray+AW.m"; sourceTree = "<group>"; };
		4868B0692898277B001E400E /* UIColor+RGBA.m */ = {isa = PBXFileReference; fileEncoding = 4; lastKnownFileType = sourcecode.c.objc; path = "UIColor+RGBA.m"; sourceTree = "<group>"; };
		4868B06A2898277B001E400E /* NSURL+Utils.m */ = {isa = PBXFileReference; fileEncoding = 4; lastKnownFileType = sourcecode.c.objc; path = "NSURL+Utils.m"; sourceTree = "<group>"; };
		4868B06B2898277B001E400E /* NSDictionary+AW.m */ = {isa = PBXFileReference; fileEncoding = 4; lastKnownFileType = sourcecode.c.objc; path = "NSDictionary+AW.m"; sourceTree = "<group>"; };
		4868B06C2898277B001E400E /* UIImageView+Loading.h */ = {isa = PBXFileReference; fileEncoding = 4; lastKnownFileType = sourcecode.c.h; path = "UIImageView+Loading.h"; sourceTree = "<group>"; };
		4868B06D2898277B001E400E /* NSMutableDictionary+AW.h */ = {isa = PBXFileReference; fileEncoding = 4; lastKnownFileType = sourcecode.c.h; path = "NSMutableDictionary+AW.h"; sourceTree = "<group>"; };
		4868B07728982A16001E400E /* AWGeneralMacro.h */ = {isa = PBXFileReference; fileEncoding = 4; lastKnownFileType = sourcecode.c.h; path = AWGeneralMacro.h; sourceTree = "<group>"; };
		488C5FAB28A5FFD200562B31 /* AWStepsForDayModel.h */ = {isa = PBXFileReference; lastKnownFileType = sourcecode.c.h; path = AWStepsForDayModel.h; sourceTree = "<group>"; };
		488C5FAC28A5FFD200562B31 /* AWStepsForDayModel.m */ = {isa = PBXFileReference; lastKnownFileType = sourcecode.c.objc; path = AWStepsForDayModel.m; sourceTree = "<group>"; };
		488C5FAE28A6880C00562B31 /* AWExceptionMessageListModel.h */ = {isa = PBXFileReference; lastKnownFileType = sourcecode.c.h; path = AWExceptionMessageListModel.h; sourceTree = "<group>"; };
		488C5FAF28A6880C00562B31 /* AWExceptionMessageListModel.m */ = {isa = PBXFileReference; lastKnownFileType = sourcecode.c.objc; path = AWExceptionMessageListModel.m; sourceTree = "<group>"; };
		48973F9228997CC300A3C162 /* AWNetwork.m */ = {isa = PBXFileReference; fileEncoding = 4; lastKnownFileType = sourcecode.c.objc; path = AWNetwork.m; sourceTree = "<group>"; };
		48973F9328997CC300A3C162 /* AWNetwork.h */ = {isa = PBXFileReference; fileEncoding = 4; lastKnownFileType = sourcecode.c.h; path = AWNetwork.h; sourceTree = "<group>"; };
		48973F9628997D6D00A3C162 /* AWDataHelper.h */ = {isa = PBXFileReference; fileEncoding = 4; lastKnownFileType = sourcecode.c.h; path = AWDataHelper.h; sourceTree = "<group>"; };
		48973F9728997D6D00A3C162 /* AWDataHelper.m */ = {isa = PBXFileReference; fileEncoding = 4; lastKnownFileType = sourcecode.c.objc; path = AWDataHelper.m; sourceTree = "<group>"; };
		48973F9A28997E3200A3C162 /* AWUserModel.m */ = {isa = PBXFileReference; fileEncoding = 4; lastKnownFileType = sourcecode.c.objc; path = AWUserModel.m; sourceTree = "<group>"; };
		48973F9B28997E3200A3C162 /* AWUserModel.h */ = {isa = PBXFileReference; fileEncoding = 4; lastKnownFileType = sourcecode.c.h; path = AWUserModel.h; sourceTree = "<group>"; };
		48973F9D2899871800A3C162 /* AWLoginViewController.h */ = {isa = PBXFileReference; lastKnownFileType = sourcecode.c.h; path = AWLoginViewController.h; sourceTree = "<group>"; };
		48973F9E2899871800A3C162 /* AWLoginViewController.m */ = {isa = PBXFileReference; lastKnownFileType = sourcecode.c.objc; path = AWLoginViewController.m; sourceTree = "<group>"; };
		48974257289D691800A3C162 /* AWDeviceModel.h */ = {isa = PBXFileReference; lastKnownFileType = sourcecode.c.h; path = AWDeviceModel.h; sourceTree = "<group>"; };
		48974258289D691800A3C162 /* AWDeviceModel.m */ = {isa = PBXFileReference; lastKnownFileType = sourcecode.c.objc; path = AWDeviceModel.m; sourceTree = "<group>"; };
		4897425A28A2B92B00A3C162 /* AWDevicesViewController.h */ = {isa = PBXFileReference; lastKnownFileType = sourcecode.c.h; path = AWDevicesViewController.h; sourceTree = "<group>"; };
		4897425B28A2B92B00A3C162 /* AWDevicesViewController.m */ = {isa = PBXFileReference; lastKnownFileType = sourcecode.c.objc; path = AWDevicesViewController.m; sourceTree = "<group>"; };
		4897425D28A2B94C00A3C162 /* AWAddDeviceViewController.h */ = {isa = PBXFileReference; lastKnownFileType = sourcecode.c.h; path = AWAddDeviceViewController.h; sourceTree = "<group>"; };
		4897425E28A2B94C00A3C162 /* AWAddDeviceViewController.m */ = {isa = PBXFileReference; lastKnownFileType = sourcecode.c.objc; path = AWAddDeviceViewController.m; sourceTree = "<group>"; };
		4897426028A3681700A3C162 /* AWRegisterViewController.h */ = {isa = PBXFileReference; lastKnownFileType = sourcecode.c.h; path = AWRegisterViewController.h; sourceTree = "<group>"; };
		4897426128A3681700A3C162 /* AWRegisterViewController.m */ = {isa = PBXFileReference; lastKnownFileType = sourcecode.c.objc; path = AWRegisterViewController.m; sourceTree = "<group>"; };
		48F35F6328ABF49200DF25CB /* AWProfileViewController.h */ = {isa = PBXFileReference; lastKnownFileType = sourcecode.c.h; path = AWProfileViewController.h; sourceTree = "<group>"; };
		48F35F6428ABF49200DF25CB /* AWProfileViewController.m */ = {isa = PBXFileReference; lastKnownFileType = sourcecode.c.objc; path = AWProfileViewController.m; sourceTree = "<group>"; };
		48F35F6628ABF6D300DF25CB /* AWUserInfoModel.h */ = {isa = PBXFileReference; lastKnownFileType = sourcecode.c.h; path = AWUserInfoModel.h; sourceTree = "<group>"; };
		48F35F6728ABF6D300DF25CB /* AWUserInfoModel.m */ = {isa = PBXFileReference; lastKnownFileType = sourcecode.c.objc; path = AWUserInfoModel.m; sourceTree = "<group>"; };
		9CB0381DBBFFC0C5C2BB83C9 /* Pods-AllWell.release.xcconfig */ = {isa = PBXFileReference; includeInIndex = 1; lastKnownFileType = text.xcconfig; name = "Pods-AllWell.release.xcconfig"; path = "Target Support Files/Pods-AllWell/Pods-AllWell.release.xcconfig"; sourceTree = "<group>"; };
		D7A932AA591C17C47BB39541 /* Pods-AllWell.debug.xcconfig */ = {isa = PBXFileReference; includeInIndex = 1; lastKnownFileType = text.xcconfig; name = "Pods-AllWell.debug.xcconfig"; path = "Target Support Files/Pods-AllWell/Pods-AllWell.debug.xcconfig"; sourceTree = "<group>"; };
/* End PBXFileReference section */

/* Begin PBXFrameworksBuildPhase section */
		4868AD852897EC72001E400E /* Frameworks */ = {
			isa = PBXFrameworksBuildPhase;
			buildActionMask = 2147483647;
			files = (
				F8E62F31B3D16F0CBFDBE332 /* Pods_AllWell.framework in Frameworks */,
			);
			runOnlyForDeploymentPostprocessing = 0;
		};
/* End PBXFrameworksBuildPhase section */

/* Begin PBXGroup section */
		4868AD7F2897EC72001E400E = {
			isa = PBXGroup;
			children = (
				4868AD8A2897EC72001E400E /* AllWell */,
				4868AD892897EC72001E400E /* Products */,
				EF238F110C988044CB8EED69 /* Pods */,
				F7D77466E47D2A6C057D3DC2 /* Frameworks */,
			);
			sourceTree = "<group>";
		};
		4868AD892897EC72001E400E /* Products */ = {
			isa = PBXGroup;
			children = (
				4868AD882897EC72001E400E /* AllWell.app */,
			);
			name = Products;
			sourceTree = "<group>";
		};
		4868AD8A2897EC72001E400E /* AllWell */ = {
			isa = PBXGroup;
			children = (
				48973F9928997E3200A3C162 /* Model */,
				48973F9528997D6D00A3C162 /* Helper */,
				48973F9128997CC300A3C162 /* Network */,
				4868B05B2898277B001E400E /* Utils */,
				4868AD8B2897EC72001E400E /* AppDelegate.h */,
				4868AD8C2897EC72001E400E /* AppDelegate.m */,
				4868AD8E2897EC72001E400E /* SceneDelegate.h */,
				4868AD8F2897EC72001E400E /* SceneDelegate.m */,
				4868AD912897EC72001E400E /* AWMainViewController.h */,
				4868AD922897EC72001E400E /* AWMainViewController.m */,
				4868AD942897EC72001E400E /* Main.storyboard */,
				4868AD972897EC74001E400E /* Assets.xcassets */,
				4868AD992897EC74001E400E /* LaunchScreen.storyboard */,
				4868AD9C2897EC74001E400E /* Info.plist */,
				4868AD9D2897EC74001E400E /* main.m */,
				48973F9D2899871800A3C162 /* AWLoginViewController.h */,
				48973F9E2899871800A3C162 /* AWLoginViewController.m */,
				4897425A28A2B92B00A3C162 /* AWDevicesViewController.h */,
				4897425B28A2B92B00A3C162 /* AWDevicesViewController.m */,
				4897425D28A2B94C00A3C162 /* AWAddDeviceViewController.h */,
				4897425E28A2B94C00A3C162 /* AWAddDeviceViewController.m */,
				4897426028A3681700A3C162 /* AWRegisterViewController.h */,
				4897426128A3681700A3C162 /* AWRegisterViewController.m */,
				48F35F6328ABF49200DF25CB /* AWProfileViewController.h */,
				48F35F6428ABF49200DF25CB /* AWProfileViewController.m */,
			);
			path = AllWell;
			sourceTree = "<group>";
		};
		4868B05B2898277B001E400E /* Utils */ = {
			isa = PBXGroup;
			children = (
				4868B07728982A16001E400E /* AWGeneralMacro.h */,
				4868B05C2898277B001E400E /* UIView+Size.h */,
				4868B0662898277B001E400E /* UIView+Size.m */,
				4868B0612898277B001E400E /* NSURL+Utils.h */,
				4868B06A2898277B001E400E /* NSURL+Utils.m */,
				4868B05F2898277B001E400E /* NSString+Utils.h */,
				4868B0672898277B001E400E /* NSString+Utils.m */,
				4868B0622898277B001E400E /* UIColor+RGBA.h */,
				4868B0692898277B001E400E /* UIColor+RGBA.m */,
				4868B05D2898277B001E400E /* NSDictionary+Utils.h */,
				4868B0652898277B001E400E /* NSDictionary+Utils.m */,
				4868B06C2898277B001E400E /* UIImageView+Loading.h */,
				4868B0642898277B001E400E /* UIImageView+Loading.m */,
				4868B0602898277B001E400E /* NSDictionary+AW.h */,
				4868B06B2898277B001E400E /* NSDictionary+AW.m */,
				4868B05E2898277B001E400E /* NSMutableArray+AW.h */,
				4868B0682898277B001E400E /* NSMutableArray+AW.m */,
				4868B06D2898277B001E400E /* NSMutableDictionary+AW.h */,
				4868B0632898277B001E400E /* NSMutableDictionary+AW.m */,
			);
			path = Utils;
			sourceTree = "<group>";
		};
		48973F9128997CC300A3C162 /* Network */ = {
			isa = PBXGroup;
			children = (
				48973F9228997CC300A3C162 /* AWNetwork.m */,
				48973F9328997CC300A3C162 /* AWNetwork.h */,
			);
			path = Network;
			sourceTree = "<group>";
		};
		48973F9528997D6D00A3C162 /* Helper */ = {
			isa = PBXGroup;
			children = (
				48973F9628997D6D00A3C162 /* AWDataHelper.h */,
				48973F9728997D6D00A3C162 /* AWDataHelper.m */,
			);
			path = Helper;
			sourceTree = "<group>";
		};
		48973F9928997E3200A3C162 /* Model */ = {
			isa = PBXGroup;
			children = (
				48973F9A28997E3200A3C162 /* AWUserModel.m */,
				48973F9B28997E3200A3C162 /* AWUserModel.h */,
				48974257289D691800A3C162 /* AWDeviceModel.h */,
				48974258289D691800A3C162 /* AWDeviceModel.m */,
				488C5FAB28A5FFD200562B31 /* AWStepsForDayModel.h */,
				488C5FAC28A5FFD200562B31 /* AWStepsForDayModel.m */,
				488C5FAE28A6880C00562B31 /* AWExceptionMessageListModel.h */,
				488C5FAF28A6880C00562B31 /* AWExceptionMessageListModel.m */,
				48F35F6628ABF6D300DF25CB /* AWUserInfoModel.h */,
				48F35F6728ABF6D300DF25CB /* AWUserInfoModel.m */,
			);
			path = Model;
			sourceTree = "<group>";
		};
		EF238F110C988044CB8EED69 /* Pods */ = {
			isa = PBXGroup;
			children = (
				D7A932AA591C17C47BB39541 /* Pods-AllWell.debug.xcconfig */,
				9CB0381DBBFFC0C5C2BB83C9 /* Pods-AllWell.release.xcconfig */,
			);
			path = Pods;
			sourceTree = "<group>";
		};
		F7D77466E47D2A6C057D3DC2 /* Frameworks */ = {
			isa = PBXGroup;
			children = (
				1365069E0F41FC94095C2D89 /* Pods_AllWell.framework */,
			);
			name = Frameworks;
			sourceTree = "<group>";
		};
/* End PBXGroup section */

/* Begin PBXNativeTarget section */
		4868AD872897EC72001E400E /* AllWell */ = {
			isa = PBXNativeTarget;
			buildConfigurationList = 4868ADA12897EC74001E400E /* Build configuration list for PBXNativeTarget "AllWell" */;
			buildPhases = (
				5656F0744F569E0EA293D446 /* [CP] Check Pods Manifest.lock */,
				4868AD842897EC72001E400E /* Sources */,
				4868AD852897EC72001E400E /* Frameworks */,
				4868AD862897EC72001E400E /* Resources */,
				C9E55719180B02F8E9BFD34D /* [CP] Embed Pods Frameworks */,
			);
			buildRules = (
			);
			dependencies = (
			);
			name = AllWell;
			productName = AllWell;
			productReference = 4868AD882897EC72001E400E /* AllWell.app */;
			productType = "com.apple.product-type.application";
		};
/* End PBXNativeTarget section */

/* Begin PBXProject section */
		4868AD802897EC72001E400E /* Project object */ = {
			isa = PBXProject;
			attributes = {
				BuildIndependentTargetsInParallel = 1;
				LastUpgradeCheck = 1340;
				TargetAttributes = {
					4868AD872897EC72001E400E = {
						CreatedOnToolsVersion = 13.4.1;
					};
				};
			};
			buildConfigurationList = 4868AD832897EC72001E400E /* Build configuration list for PBXProject "AllWell" */;
			compatibilityVersion = "Xcode 13.0";
			developmentRegion = en;
			hasScannedForEncodings = 0;
			knownRegions = (
				en,
				Base,
			);
			mainGroup = 4868AD7F2897EC72001E400E;
			productRefGroup = 4868AD892897EC72001E400E /* Products */;
			projectDirPath = "";
			projectRoot = "";
			targets = (
				4868AD872897EC72001E400E /* AllWell */,
			);
		};
/* End PBXProject section */

/* Begin PBXResourcesBuildPhase section */
		4868AD862897EC72001E400E /* Resources */ = {
			isa = PBXResourcesBuildPhase;
			buildActionMask = 2147483647;
			files = (
				4868AD9B2897EC74001E400E /* LaunchScreen.storyboard in Resources */,
				4868AD982897EC74001E400E /* Assets.xcassets in Resources */,
				4868AD962897EC72001E400E /* Main.storyboard in Resources */,
			);
			runOnlyForDeploymentPostprocessing = 0;
		};
/* End PBXResourcesBuildPhase section */

/* Begin PBXShellScriptBuildPhase section */
		5656F0744F569E0EA293D446 /* [CP] Check Pods Manifest.lock */ = {
			isa = PBXShellScriptBuildPhase;
			buildActionMask = 2147483647;
			files = (
			);
			inputFileListPaths = (
			);
			inputPaths = (
				"${PODS_PODFILE_DIR_PATH}/Podfile.lock",
				"${PODS_ROOT}/Manifest.lock",
			);
			name = "[CP] Check Pods Manifest.lock";
			outputFileListPaths = (
			);
			outputPaths = (
				"$(DERIVED_FILE_DIR)/Pods-AllWell-checkManifestLockResult.txt",
			);
			runOnlyForDeploymentPostprocessing = 0;
			shellPath = /bin/sh;
			shellScript = "diff \"${PODS_PODFILE_DIR_PATH}/Podfile.lock\" \"${PODS_ROOT}/Manifest.lock\" > /dev/null\nif [ $? != 0 ] ; then\n    # print error to STDERR\n    echo \"error: The sandbox is not in sync with the Podfile.lock. Run 'pod install' or update your CocoaPods installation.\" >&2\n    exit 1\nfi\n# This output is used by Xcode 'outputs' to avoid re-running this script phase.\necho \"SUCCESS\" > \"${SCRIPT_OUTPUT_FILE_0}\"\n";
			showEnvVarsInLog = 0;
		};
		C9E55719180B02F8E9BFD34D /* [CP] Embed Pods Frameworks */ = {
			isa = PBXShellScriptBuildPhase;
			buildActionMask = 2147483647;
			files = (
			);
			inputFileListPaths = (
				"${PODS_ROOT}/Target Support Files/Pods-AllWell/Pods-AllWell-frameworks-${CONFIGURATION}-input-files.xcfilelist",
			);
			name = "[CP] Embed Pods Frameworks";
			outputFileListPaths = (
				"${PODS_ROOT}/Target Support Files/Pods-AllWell/Pods-AllWell-frameworks-${CONFIGURATION}-output-files.xcfilelist",
			);
			runOnlyForDeploymentPostprocessing = 0;
			shellPath = /bin/sh;
			shellScript = "\"${PODS_ROOT}/Target Support Files/Pods-AllWell/Pods-AllWell-frameworks.sh\"\n";
			showEnvVarsInLog = 0;
		};
/* End PBXShellScriptBuildPhase section */

/* Begin PBXSourcesBuildPhase section */
		4868AD842897EC72001E400E /* Sources */ = {
			isa = PBXSourcesBuildPhase;
			buildActionMask = 2147483647;
			files = (
				4868B06F2898277B001E400E /* UIImageView+Loading.m in Sources */,
				488C5FB028A6880C00562B31 /* AWExceptionMessageListModel.m in Sources */,
				4868AD932897EC72001E400E /* AWMainViewController.m in Sources */,
				48973F9F2899871800A3C162 /* AWLoginViewController.m in Sources */,
				4868B0732898277B001E400E /* NSMutableArray+AW.m in Sources */,
				4868B0762898277B001E400E /* NSDictionary+AW.m in Sources */,
				4868B0702898277B001E400E /* NSDictionary+Utils.m in Sources */,
				4868B0712898277B001E400E /* UIView+Size.m in Sources */,
				4868B0742898277B001E400E /* UIColor+RGBA.m in Sources */,
				48973F9428997CC300A3C162 /* AWNetwork.m in Sources */,
				4868AD8D2897EC72001E400E /* AppDelegate.m in Sources */,
				4868B0752898277B001E400E /* NSURL+Utils.m in Sources */,
				4868B06E2898277B001E400E /* NSMutableDictionary+AW.m in Sources */,
				4868AD9E2897EC74001E400E /* main.m in Sources */,
				48973F9C28997E3200A3C162 /* AWUserModel.m in Sources */,
				4868B0722898277B001E400E /* NSString+Utils.m in Sources */,
				48974259289D691800A3C162 /* AWDeviceModel.m in Sources */,
				48F35F6528ABF49200DF25CB /* AWProfileViewController.m in Sources */,
				4897425F28A2B94C00A3C162 /* AWAddDeviceViewController.m in Sources */,
				48973F9828997D6D00A3C162 /* AWDataHelper.m in Sources */,
				48F35F6828ABF6D300DF25CB /* AWUserInfoModel.m in Sources */,
				4897425C28A2B92B00A3C162 /* AWDevicesViewController.m in Sources */,
				488C5FAD28A5FFD200562B31 /* AWStepsForDayModel.m in Sources */,
				4868AD902897EC72001E400E /* SceneDelegate.m in Sources */,
				4897426228A3681700A3C162 /* AWRegisterViewController.m in Sources */,
			);
			runOnlyForDeploymentPostprocessing = 0;
		};
/* End PBXSourcesBuildPhase section */

/* Begin PBXVariantGroup section */
		4868AD942897EC72001E400E /* Main.storyboard */ = {
			isa = PBXVariantGroup;
			children = (
				4868AD952897EC72001E400E /* Base */,
			);
			name = Main.storyboard;
			sourceTree = "<group>";
		};
		4868AD992897EC74001E400E /* LaunchScreen.storyboard */ = {
			isa = PBXVariantGroup;
			children = (
				4868AD9A2897EC74001E400E /* Base */,
			);
			name = LaunchScreen.storyboard;
			sourceTree = "<group>";
		};
/* End PBXVariantGroup section */

/* Begin XCBuildConfiguration section */
		4868AD9F2897EC74001E400E /* Debug */ = {
			isa = XCBuildConfiguration;
			buildSettings = {
				ALWAYS_SEARCH_USER_PATHS = NO;
				CLANG_ANALYZER_NONNULL = YES;
				CLANG_ANALYZER_NUMBER_OBJECT_CONVERSION = YES_AGGRESSIVE;
				CLANG_CXX_LANGUAGE_STANDARD = "gnu++17";
				CLANG_ENABLE_MODULES = YES;
				CLANG_ENABLE_OBJC_ARC = YES;
				CLANG_ENABLE_OBJC_WEAK = YES;
				CLANG_WARN_BLOCK_CAPTURE_AUTORELEASING = YES;
				CLANG_WARN_BOOL_CONVERSION = YES;
				CLANG_WARN_COMMA = YES;
				CLANG_WARN_CONSTANT_CONVERSION = YES;
				CLANG_WARN_DEPRECATED_OBJC_IMPLEMENTATIONS = YES;
				CLANG_WARN_DIRECT_OBJC_ISA_USAGE = YES_ERROR;
				CLANG_WARN_DOCUMENTATION_COMMENTS = YES;
				CLANG_WARN_EMPTY_BODY = YES;
				CLANG_WARN_ENUM_CONVERSION = YES;
				CLANG_WARN_INFINITE_RECURSION = YES;
				CLANG_WARN_INT_CONVERSION = YES;
				CLANG_WARN_NON_LITERAL_NULL_CONVERSION = YES;
				CLANG_WARN_OBJC_IMPLICIT_RETAIN_SELF = YES;
				CLANG_WARN_OBJC_LITERAL_CONVERSION = YES;
				CLANG_WARN_OBJC_ROOT_CLASS = YES_ERROR;
				CLANG_WARN_QUOTED_INCLUDE_IN_FRAMEWORK_HEADER = YES;
				CLANG_WARN_RANGE_LOOP_ANALYSIS = YES;
				CLANG_WARN_STRICT_PROTOTYPES = YES;
				CLANG_WARN_SUSPICIOUS_MOVE = YES;
				CLANG_WARN_UNGUARDED_AVAILABILITY = YES_AGGRESSIVE;
				CLANG_WARN_UNREACHABLE_CODE = YES;
				CLANG_WARN__DUPLICATE_METHOD_MATCH = YES;
				COPY_PHASE_STRIP = NO;
				DEBUG_INFORMATION_FORMAT = dwarf;
				ENABLE_STRICT_OBJC_MSGSEND = YES;
				ENABLE_TESTABILITY = YES;
				GCC_C_LANGUAGE_STANDARD = gnu11;
				GCC_DYNAMIC_NO_PIC = NO;
				GCC_NO_COMMON_BLOCKS = YES;
				GCC_OPTIMIZATION_LEVEL = 0;
				GCC_PREPROCESSOR_DEFINITIONS = (
					"DEBUG=1",
					"$(inherited)",
				);
				GCC_WARN_64_TO_32_BIT_CONVERSION = YES;
				GCC_WARN_ABOUT_RETURN_TYPE = YES_ERROR;
				GCC_WARN_UNDECLARED_SELECTOR = YES;
				GCC_WARN_UNINITIALIZED_AUTOS = YES_AGGRESSIVE;
				GCC_WARN_UNUSED_FUNCTION = YES;
				GCC_WARN_UNUSED_VARIABLE = YES;
				IPHONEOS_DEPLOYMENT_TARGET = 15.5;
				MTL_ENABLE_DEBUG_INFO = INCLUDE_SOURCE;
				MTL_FAST_MATH = YES;
				ONLY_ACTIVE_ARCH = YES;
				SDKROOT = iphoneos;
			};
			name = Debug;
		};
		4868ADA02897EC74001E400E /* Release */ = {
			isa = XCBuildConfiguration;
			buildSettings = {
				ALWAYS_SEARCH_USER_PATHS = NO;
				CLANG_ANALYZER_NONNULL = YES;
				CLANG_ANALYZER_NUMBER_OBJECT_CONVERSION = YES_AGGRESSIVE;
				CLANG_CXX_LANGUAGE_STANDARD = "gnu++17";
				CLANG_ENABLE_MODULES = YES;
				CLANG_ENABLE_OBJC_ARC = YES;
				CLANG_ENABLE_OBJC_WEAK = YES;
				CLANG_WARN_BLOCK_CAPTURE_AUTORELEASING = YES;
				CLANG_WARN_BOOL_CONVERSION = YES;
				CLANG_WARN_COMMA = YES;
				CLANG_WARN_CONSTANT_CONVERSION = YES;
				CLANG_WARN_DEPRECATED_OBJC_IMPLEMENTATIONS = YES;
				CLANG_WARN_DIRECT_OBJC_ISA_USAGE = YES_ERROR;
				CLANG_WARN_DOCUMENTATION_COMMENTS = YES;
				CLANG_WARN_EMPTY_BODY = YES;
				CLANG_WARN_ENUM_CONVERSION = YES;
				CLANG_WARN_INFINITE_RECURSION = YES;
				CLANG_WARN_INT_CONVERSION = YES;
				CLANG_WARN_NON_LITERAL_NULL_CONVERSION = YES;
				CLANG_WARN_OBJC_IMPLICIT_RETAIN_SELF = YES;
				CLANG_WARN_OBJC_LITERAL_CONVERSION = YES;
				CLANG_WARN_OBJC_ROOT_CLASS = YES_ERROR;
				CLANG_WARN_QUOTED_INCLUDE_IN_FRAMEWORK_HEADER = YES;
				CLANG_WARN_RANGE_LOOP_ANALYSIS = YES;
				CLANG_WARN_STRICT_PROTOTYPES = YES;
				CLANG_WARN_SUSPICIOUS_MOVE = YES;
				CLANG_WARN_UNGUARDED_AVAILABILITY = YES_AGGRESSIVE;
				CLANG_WARN_UNREACHABLE_CODE = YES;
				CLANG_WARN__DUPLICATE_METHOD_MATCH = YES;
				COPY_PHASE_STRIP = NO;
				DEBUG_INFORMATION_FORMAT = "dwarf-with-dsym";
				ENABLE_NS_ASSERTIONS = NO;
				ENABLE_STRICT_OBJC_MSGSEND = YES;
				GCC_C_LANGUAGE_STANDARD = gnu11;
				GCC_NO_COMMON_BLOCKS = YES;
				GCC_WARN_64_TO_32_BIT_CONVERSION = YES;
				GCC_WARN_ABOUT_RETURN_TYPE = YES_ERROR;
				GCC_WARN_UNDECLARED_SELECTOR = YES;
				GCC_WARN_UNINITIALIZED_AUTOS = YES_AGGRESSIVE;
				GCC_WARN_UNUSED_FUNCTION = YES;
				GCC_WARN_UNUSED_VARIABLE = YES;
				IPHONEOS_DEPLOYMENT_TARGET = 15.5;
				MTL_ENABLE_DEBUG_INFO = NO;
				MTL_FAST_MATH = YES;
				SDKROOT = iphoneos;
				VALIDATE_PRODUCT = YES;
			};
			name = Release;
		};
		4868ADA22897EC74001E400E /* Debug */ = {
			isa = XCBuildConfiguration;
			baseConfigurationReference = D7A932AA591C17C47BB39541 /* Pods-AllWell.debug.xcconfig */;
			buildSettings = {
				ASSETCATALOG_COMPILER_APPICON_NAME = AppIcon;
				ASSETCATALOG_COMPILER_GLOBAL_ACCENT_COLOR_NAME = AccentColor;
				CODE_SIGN_STYLE = Automatic;
				CURRENT_PROJECT_VERSION = 1;
				DEVELOPMENT_TEAM = 7WH2QSM328;
				GENERATE_INFOPLIST_FILE = YES;
				INFOPLIST_FILE = AllWell/Info.plist;
				INFOPLIST_KEY_UIApplicationSupportsIndirectInputEvents = YES;
				INFOPLIST_KEY_UILaunchStoryboardName = LaunchScreen;
				INFOPLIST_KEY_UIMainStoryboardFile = Main;
				INFOPLIST_KEY_UISupportedInterfaceOrientations_iPad = "UIInterfaceOrientationPortrait UIInterfaceOrientationPortraitUpsideDown UIInterfaceOrientationLandscapeLeft UIInterfaceOrientationLandscapeRight";
				INFOPLIST_KEY_UISupportedInterfaceOrientations_iPhone = "UIInterfaceOrientationPortrait UIInterfaceOrientationLandscapeLeft UIInterfaceOrientationLandscapeRight";
				IPHONEOS_DEPLOYMENT_TARGET = 13.0;
				LD_RUNPATH_SEARCH_PATHS = (
					"$(inherited)",
					"@executable_path/Frameworks",
				);
				MARKETING_VERSION = 1.0;
				PRODUCT_BUNDLE_IDENTIFIER = com.hipc.helper;
				PRODUCT_NAME = "$(TARGET_NAME)";
				SWIFT_EMIT_LOC_STRINGS = YES;
				TARGETED_DEVICE_FAMILY = 1;
			};
			name = Debug;
		};
		4868ADA32897EC74001E400E /* Release */ = {
			isa = XCBuildConfiguration;
			baseConfigurationReference = 9CB0381DBBFFC0C5C2BB83C9 /* Pods-AllWell.release.xcconfig */;
			buildSettings = {
				ASSETCATALOG_COMPILER_APPICON_NAME = AppIcon;
				ASSETCATALOG_COMPILER_GLOBAL_ACCENT_COLOR_NAME = AccentColor;
				CODE_SIGN_STYLE = Automatic;
				CURRENT_PROJECT_VERSION = 1;
				DEVELOPMENT_TEAM = 7WH2QSM328;
				GENERATE_INFOPLIST_FILE = YES;
				INFOPLIST_FILE = AllWell/Info.plist;
				INFOPLIST_KEY_UIApplicationSupportsIndirectInputEvents = YES;
				INFOPLIST_KEY_UILaunchStoryboardName = LaunchScreen;
				INFOPLIST_KEY_UIMainStoryboardFile = Main;
				INFOPLIST_KEY_UISupportedInterfaceOrientations_iPad = "UIInterfaceOrientationPortrait UIInterfaceOrientationPortraitUpsideDown UIInterfaceOrientationLandscapeLeft UIInterfaceOrientationLandscapeRight";
				INFOPLIST_KEY_UISupportedInterfaceOrientations_iPhone = "UIInterfaceOrientationPortrait UIInterfaceOrientationLandscapeLeft UIInterfaceOrientationLandscapeRight";
				IPHONEOS_DEPLOYMENT_TARGET = 13.0;
				LD_RUNPATH_SEARCH_PATHS = (
					"$(inherited)",
					"@executable_path/Frameworks",
				);
				MARKETING_VERSION = 1.0;
				PRODUCT_BUNDLE_IDENTIFIER = com.hipc.helper;
				PRODUCT_NAME = "$(TARGET_NAME)";
				SWIFT_EMIT_LOC_STRINGS = YES;
				TARGETED_DEVICE_FAMILY = 1;
			};
			name = Release;
		};
/* End XCBuildConfiguration section */

/* Begin XCConfigurationList section */
		4868AD832897EC72001E400E /* Build configuration list for PBXProject "AllWell" */ = {
			isa = XCConfigurationList;
			buildConfigurations = (
				4868AD9F2897EC74001E400E /* Debug */,
				4868ADA02897EC74001E400E /* Release */,
			);
			defaultConfigurationIsVisible = 0;
			defaultConfigurationName = Release;
		};
		4868ADA12897EC74001E400E /* Build configuration list for PBXNativeTarget "AllWell" */ = {
			isa = XCConfigurationList;
			buildConfigurations = (
				4868ADA22897EC74001E400E /* Debug */,
				4868ADA32897EC74001E400E /* Release */,
			);
			defaultConfigurationIsVisible = 0;
			defaultConfigurationName = Release;
		};
/* End XCConfigurationList section */
	};
	rootObject = 4868AD802897EC72001E400E /* Project object */;
}
